
Microsoft Visual Studio Solution File, Format Version 12.00
# Visual Studio 15
Project("{FAE04EC0-301F-11D3-BF4B-00C04F79EFBC}") = "Take 2", "Take 2.csproj", "{A9F54DFC-3968-C1E8-41C7-9BD98B5FE282}"
EndProject
Global
	GlobalSection(SolutionConfigurationPlatforms) = preSolution
		Debug|Any CPU = Debug|Any CPU
		Release|Any CPU = Release|Any CPU
	EndGlobalSection
	GlobalSection(ProjectConfigurationPlatforms) = postSolution
		{A9F54DFC-3968-C1E8-41C7-9BD98B5FE282}.Debug|Any CPU.ActiveCfg = Debug|Any CPU
		{A9F54DFC-3968-C1E8-41C7-9BD98B5FE282}.Debug|Any CPU.Build.0 = Debug|Any CPU
		{A9F54DFC-3968-C1E8-41C7-9BD98B5FE282}.Release|Any CPU.ActiveCfg = Release|Any CPU
		{A9F54DFC-3968-C1E8-41C7-9BD98B5FE282}.Release|Any CPU.Build.0 = Release|Any CPU
	EndGlobalSection
	GlobalSection(SolutionProperties) = preSolution
		HideSolutionNode = FALSE
	EndGlobalSection
EndGlobal
